
Microsoft Visual Studio Solution File, Format Version 12.00
# Visual Studio Version 17
VisualStudioVersion = 17.0.31903.59
MinimumVisualStudioVersion = 10.0.40219.1
Project("{9A19103F-16F7-4668-BE54-9A1E7A4F7556}") = "TigerTix.Web", "TigerTix.Web\TigerTix.Web.csproj", "{ACBFCDE7-7964-45EA-BD43-0400C69E9745}"
EndProject
Global
	GlobalSection(SolutionConfigurationPlatforms) = preSolution
		Debug|Any CPU = Debug|Any CPU
		Release|Any CPU = Release|Any CPU
	EndGlobalSection
	GlobalSection(ProjectConfigurationPlatforms) = postSolution
		{ACBFCDE7-7964-45EA-BD43-0400C69E9745}.Debug|Any CPU.ActiveCfg = Debug|Any CPU
		{ACBFCDE7-7964-45EA-BD43-0400C69E9745}.Debug|Any CPU.Build.0 = Debug|Any CPU
		{ACBFCDE7-7964-45EA-BD43-0400C69E9745}.Release|Any CPU.ActiveCfg = Release|Any CPU
		{ACBFCDE7-7964-45EA-BD43-0400C69E9745}.Release|Any CPU.Build.0 = Release|Any CPU
	EndGlobalSection
	GlobalSection(SolutionProperties) = preSolution
		HideSolutionNode = FALSE
	EndGlobalSection
	GlobalSection(ExtensibilityGlobals) = postSolution
		SolutionGuid = {CB12C2AE-B480-44F4-8037-14B653185895}
	EndGlobalSection
EndGlobal
